
Microsoft Visual Studio Solution File, Format Version 12.00
# Visual Studio 15
VisualStudioVersion = 15.0.27004.2008
MinimumVisualStudioVersion = 10.0.40219.1
Project("{FAE04EC0-301F-11D3-BF4B-00C04F79EFBC}") = "ManageGames.Web", "ManageGames.Web\ManageGames.Web.csproj", "{13406C6E-0918-4163-936F-B9D3D589D4EC}"
EndProject
Project("{FAE04EC0-301F-11D3-BF4B-00C04F79EFBC}") = "ManageGames.Business", "ManageGames.Business\ManageGames.Business.csproj", "{6BB9CA7E-1ABE-4BC4-97D5-120B81C2343A}"
EndProject
Project("{FAE04EC0-301F-11D3-BF4B-00C04F79EFBC}") = "ManageGames.Data", "ManageGames.Data\ManageGames.Data.csproj", "{5199845E-87AE-47F2-9F01-59B2F758A951}"
EndProject
Project("{FAE04EC0-301F-11D3-BF4B-00C04F79EFBC}") = "ManageGames.Domain", "ManageGames.Domain\ManageGames.Domain.csproj", "{CE4CD8DA-E777-416A-B991-878BEF55AA08}"
EndProject
Global
	GlobalSection(SolutionConfigurationPlatforms) = preSolution
		Debug|Any CPU = Debug|Any CPU
		Release|Any CPU = Release|Any CPU
	EndGlobalSection
	GlobalSection(ProjectConfigurationPlatforms) = postSolution
		{13406C6E-0918-4163-936F-B9D3D589D4EC}.Debug|Any CPU.ActiveCfg = Debug|Any CPU
		{13406C6E-0918-4163-936F-B9D3D589D4EC}.Debug|Any CPU.Build.0 = Debug|Any CPU
		{13406C6E-0918-4163-936F-B9D3D589D4EC}.Release|Any CPU.ActiveCfg = Release|Any CPU
		{13406C6E-0918-4163-936F-B9D3D589D4EC}.Release|Any CPU.Build.0 = Release|Any CPU
		{6BB9CA7E-1ABE-4BC4-97D5-120B81C2343A}.Debug|Any CPU.ActiveCfg = Debug|Any CPU
		{6BB9CA7E-1ABE-4BC4-97D5-120B81C2343A}.Debug|Any CPU.Build.0 = Debug|Any CPU
		{6BB9CA7E-1ABE-4BC4-97D5-120B81C2343A}.Release|Any CPU.ActiveCfg = Release|Any CPU
		{6BB9CA7E-1ABE-4BC4-97D5-120B81C2343A}.Release|Any CPU.Build.0 = Release|Any CPU
		{5199845E-87AE-47F2-9F01-59B2F758A951}.Debug|Any CPU.ActiveCfg = Debug|Any CPU
		{5199845E-87AE-47F2-9F01-59B2F758A951}.Debug|Any CPU.Build.0 = Debug|Any CPU
		{5199845E-87AE-47F2-9F01-59B2F758A951}.Release|Any CPU.ActiveCfg = Release|Any CPU
		{5199845E-87AE-47F2-9F01-59B2F758A951}.Release|Any CPU.Build.0 = Release|Any CPU
		{CE4CD8DA-E777-416A-B991-878BEF55AA08}.Debug|Any CPU.ActiveCfg = Debug|Any CPU
		{CE4CD8DA-E777-416A-B991-878BEF55AA08}.Debug|Any CPU.Build.0 = Debug|Any CPU
		{CE4CD8DA-E777-416A-B991-878BEF55AA08}.Release|Any CPU.ActiveCfg = Release|Any CPU
		{CE4CD8DA-E777-416A-B991-878BEF55AA08}.Release|Any CPU.Build.0 = Release|Any CPU
	EndGlobalSection
	GlobalSection(SolutionProperties) = preSolution
		HideSolutionNode = FALSE
	EndGlobalSection
	GlobalSection(ExtensibilityGlobals) = postSolution
		SolutionGuid = {F6CB8034-6529-45B6-AF58-C9CB5348438F}
	EndGlobalSection
EndGlobal
